
Microsoft Visual Studio Solution File, Format Version 12.00
# Visual Studio Version 17
VisualStudioVersion = 17.5.002.0
MinimumVisualStudioVersion = 10.0.40219.1
Project("{9A19103F-16F7-4668-BE54-9A1E7A4F7556}") = "ServerShopTask", "ServerShopTask.csproj", "{F4DD8A55-D7A0-49D8-9AD4-AF33229CB814}"
EndProject
Global
	GlobalSection(SolutionConfigurationPlatforms) = preSolution
		Debug|Any CPU = Debug|Any CPU
		Release|Any CPU = Release|Any CPU
	EndGlobalSection
	GlobalSection(ProjectConfigurationPlatforms) = postSolution
		{F4DD8A55-D7A0-49D8-9AD4-AF33229CB814}.Debug|Any CPU.ActiveCfg = Debug|Any CPU
		{F4DD8A55-D7A0-49D8-9AD4-AF33229CB814}.Debug|Any CPU.Build.0 = Debug|Any CPU
		{F4DD8A55-D7A0-49D8-9AD4-AF33229CB814}.Release|Any CPU.ActiveCfg = Release|Any CPU
		{F4DD8A55-D7A0-49D8-9AD4-AF33229CB814}.Release|Any CPU.Build.0 = Release|Any CPU
	EndGlobalSection
	GlobalSection(SolutionProperties) = preSolution
		HideSolutionNode = FALSE
	EndGlobalSection
	GlobalSection(ExtensibilityGlobals) = postSolution
		SolutionGuid = {662D29B8-599C-41AE-B0E3-F6F143B0E716}
	EndGlobalSection
EndGlobal
